
Microsoft Visual Studio Solution File, Format Version 12.00
# Visual Studio Version 16
VisualStudioVersion = 16.0.32106.194
MinimumVisualStudioVersion = 10.0.40219.1
Project("{FAE04EC0-301F-11D3-BF4B-00C04F79EFBC}") = "TestApp.UWP", "TestApp\TestApp.UWP\TestApp.UWP.csproj", "{D47EF973-963A-4658-8BE1-C21BD7DE06DF}"
EndProject
Project("{FAE04EC0-301F-11D3-BF4B-00C04F79EFBC}") = "TestApp.Android", "TestApp\TestApp.Android\TestApp.Android.csproj", "{50058353-8B6D-4192-8B7E-29533BFF8AAD}"
EndProject
Project("{FAE04EC0-301F-11D3-BF4B-00C04F79EFBC}") = "TestApp.iOS", "TestApp\TestApp.iOS\TestApp.iOS.csproj", "{D3A686C9-08CC-4A8A-87FE-4D63A5CD5202}"
EndProject
Project("{FAE04EC0-301F-11D3-BF4B-00C04F79EFBC}") = "TestApp", "TestApp\TestApp\TestApp.csproj", "{5C7E21E5-D8E8-4961-9A6E-AF72EBA1ADC6}"
EndProject
Global
	GlobalSection(SolutionConfigurationPlatforms) = preSolution
		Debug|Any CPU = Debug|Any CPU
		Debug|ARM = Debug|ARM
		Debug|iPhone = Debug|iPhone
		Debug|iPhoneSimulator = Debug|iPhoneSimulator
		Debug|x64 = Debug|x64
		Debug|x86 = Debug|x86
		Release|Any CPU = Release|Any CPU
		Release|ARM = Release|ARM
		Release|iPhone = Release|iPhone
		Release|iPhoneSimulator = Release|iPhoneSimulator
		Release|x64 = Release|x64
		Release|x86 = Release|x86
	EndGlobalSection
	GlobalSection(ProjectConfigurationPlatforms) = postSolution
		{D47EF973-963A-4658-8BE1-C21BD7DE06DF}.Debug|Any CPU.ActiveCfg = Debug|x86
		{D47EF973-963A-4658-8BE1-C21BD7DE06DF}.Debug|Any CPU.Build.0 = Debug|x86
		{D47EF973-963A-4658-8BE1-C21BD7DE06DF}.Debug|Any CPU.Deploy.0 = Debug|x86
		{D47EF973-963A-4658-8BE1-C21BD7DE06DF}.Debug|ARM.ActiveCfg = Debug|ARM
		{D47EF973-963A-4658-8BE1-C21BD7DE06DF}.Debug|ARM.Build.0 = Debug|ARM
		{D47EF973-963A-4658-8BE1-C21BD7DE06DF}.Debug|ARM.Deploy.0 = Debug|ARM
		{D47EF973-963A-4658-8BE1-C21BD7DE06DF}.Debug|iPhone.ActiveCfg = Debug|x86
		{D47EF973-963A-4658-8BE1-C21BD7DE06DF}.Debug|iPhone.Build.0 = Debug|x86
		{D47EF973-963A-4658-8BE1-C21BD7DE06DF}.Debug|iPhone.Deploy.0 = Debug|x86
		{D47EF973-963A-4658-8BE1-C21BD7DE06DF}.Debug|iPhoneSimulator.ActiveCfg = Debug|x86
		{D47EF973-963A-4658-8BE1-C21BD7DE06DF}.Debug|iPhoneSimulator.Build.0 = Debug|x86
		{D47EF973-963A-4658-8BE1-C21BD7DE06DF}.Debug|iPhoneSimulator.Deploy.0 = Debug|x86
		{D47EF973-963A-4658-8BE1-C21BD7DE06DF}.Debug|x64.ActiveCfg = Debug|x64
		{D47EF973-963A-4658-8BE1-C21BD7DE06DF}.Debug|x64.Build.0 = Debug|x64
		{D47EF973-963A-4658-8BE1-C21BD7DE06DF}.Debug|x64.Deploy.0 = Debug|x64
		{D47EF973-963A-4658-8BE1-C21BD7DE06DF}.Debug|x86.ActiveCfg = Debug|x86
		{D47EF973-963A-4658-8BE1-C21BD7DE06DF}.Debug|x86.Build.0 = Debug|x86
		{D47EF973-963A-4658-8BE1-C21BD7DE06DF}.Debug|x86.Deploy.0 = Debug|x86
		{D47EF973-963A-4658-8BE1-C21BD7DE06DF}.Release|Any CPU.ActiveCfg = Release|x86
		{D47EF973-963A-4658-8BE1-C21BD7DE06DF}.Release|Any CPU.Build.0 = Release|x86
		{D47EF973-963A-4658-8BE1-C21BD7DE06DF}.Release|Any CPU.Deploy.0 = Release|x86
		{D47EF973-963A-4658-8BE1-C21BD7DE06DF}.Release|ARM.ActiveCfg = Release|ARM
		{D47EF973-963A-4658-8BE1-C21BD7DE06DF}.Release|ARM.Build.0 = Release|ARM
		{D47EF973-963A-4658-8BE1-C21BD7DE06DF}.Release|ARM.Deploy.0 = Release|ARM
		{D47EF973-963A-4658-8BE1-C21BD7DE06DF}.Release|iPhone.ActiveCfg = Release|x86
		{D47EF973-963A-4658-8BE1-C21BD7DE06DF}.Release|iPhone.Build.0 = Release|x86
		{D47EF973-963A-4658-8BE1-C21BD7DE06DF}.Release|iPhone.Deploy.0 = Release|x86
		{D47EF973-963A-4658-8BE1-C21BD7DE06DF}.Release|iPhoneSimulator.ActiveCfg = Release|x86
		{D47EF973-963A-4658-8BE1-C21BD7DE06DF}.Release|iPhoneSimulator.Build.0 = Release|x86
		{D47EF973-963A-4658-8BE1-C21BD7DE06DF}.Release|iPhoneSimulator.Deploy.0 = Release|x86
		{D47EF973-963A-4658-8BE1-C21BD7DE06DF}.Release|x64.ActiveCfg = Release|x64
		{D47EF973-963A-4658-8BE1-C21BD7DE06DF}.Release|x64.Build.0 = Release|x64
		{D47EF973-963A-4658-8BE1-C21BD7DE06DF}.Release|x64.Deploy.0 = Release|x64
		{D47EF973-963A-4658-8BE1-C21BD7DE06DF}.Release|x86.ActiveCfg = Release|x86
		{D47EF973-963A-4658-8BE1-C21BD7DE06DF}.Release|x86.Build.0 = Release|x86
		{D47EF973-963A-4658-8BE1-C21BD7DE06DF}.Release|x86.Deploy.0 = Release|x86
		{50058353-8B6D-4192-8B7E-29533BFF8AAD}.Debug|Any CPU.ActiveCfg = Debug|Any CPU
		{50058353-8B6D-4192-8B7E-29533BFF8AAD}.Debug|Any CPU.Build.0 = Debug|Any CPU
		{50058353-8B6D-4192-8B7E-29533BFF8AAD}.Debug|Any CPU.Deploy.0 = Debug|Any CPU
		{50058353-8B6D-4192-8B7E-29533BFF8AAD}.Debug|ARM.ActiveCfg = Debug|Any CPU
		{50058353-8B6D-4192-8B7E-29533BFF8AAD}.Debug|ARM.Build.0 = Debug|Any CPU
		{50058353-8B6D-4192-8B7E-29533BFF8AAD}.Debug|ARM.Deploy.0 = Debug|Any CPU
		{50058353-8B6D-4192-8B7E-29533BFF8AAD}.Debug|iPhone.ActiveCfg = Debug|Any CPU
		{50058353-8B6D-4192-8B7E-29533BFF8AAD}.Debug|iPhone.Build.0 = Debug|Any CPU
		{50058353-8B6D-4192-8B7E-29533BFF8AAD}.Debug|iPhone.Deploy.0 = Debug|Any CPU
		{50058353-8B6D-4192-8B7E-29533BFF8AAD}.Debug|iPhoneSimulator.ActiveCfg = Debug|Any CPU
		{50058353-8B6D-4192-8B7E-29533BFF8AAD}.Debug|iPhoneSimulator.Build.0 = Debug|Any CPU
		{50058353-8B6D-4192-8B7E-29533BFF8AAD}.Debug|iPhoneSimulator.Deploy.0 = Debug|Any CPU
		{50058353-8B6D-4192-8B7E-29533BFF8AAD}.Debug|x64.ActiveCfg = Debug|Any CPU
		{50058353-8B6D-4192-8B7E-29533BFF8AAD}.Debug|x64.Build.0 = Debug|Any CPU
		{50058353-8B6D-4192-8B7E-29533BFF8AAD}.Debug|x64.Deploy.0 = Debug|Any CPU
		{50058353-8B6D-4192-8B7E-29533BFF8AAD}.Debug|x86.ActiveCfg = Debug|Any CPU
		{50058353-8B6D-4192-8B7E-29533BFF8AAD}.Debug|x86.Build.0 = Debug|Any CPU
		{50058353-8B6D-4192-8B7E-29533BFF8AAD}.Debug|x86.Deploy.0 = Debug|Any CPU
		{50058353-8B6D-4192-8B7E-29533BFF8AAD}.Release|Any CPU.ActiveCfg = Release|Any CPU
		{50058353-8B6D-4192-8B7E-29533BFF8AAD}.Release|Any CPU.Build.0 = Release|Any CPU
		{50058353-8B6D-4192-8B7E-29533BFF8AAD}.Release|Any CPU.Deploy.0 = Release|Any CPU
		{50058353-8B6D-4192-8B7E-29533BFF8AAD}.Release|ARM.ActiveCfg = Release|Any CPU
		{50058353-8B6D-4192-8B7E-29533BFF8AAD}.Release|ARM.Build.0 = Release|Any CPU
		{50058353-8B6D-4192-8B7E-29533BFF8AAD}.Release|ARM.Deploy.0 = Release|Any CPU
		{50058353-8B6D-4192-8B7E-29533BFF8AAD}.Release|iPhone.ActiveCfg = Release|Any CPU
		{50058353-8B6D-4192-8B7E-29533BFF8AAD}.Release|iPhone.Build.0 = Release|Any CPU
		{50058353-8B6D-4192-8B7E-29533BFF8AAD}.Release|iPhone.Deploy.0 = Release|Any CPU
		{50058353-8B6D-4192-8B7E-29533BFF8AAD}.Release|iPhoneSimulator.ActiveCfg = Release|Any CPU
		{50058353-8B6D-4192-8B7E-29533BFF8AAD}.Release|iPhoneSimulator.Build.0 = Release|Any CPU
		{50058353-8B6D-4192-8B7E-29533BFF8AAD}.Release|iPhoneSimulator.Deploy.0 = Release|Any CPU
		{50058353-8B6D-4192-8B7E-29533BFF8AAD}.Release|x64.ActiveCfg = Release|Any CPU
		{50058353-8B6D-4192-8B7E-29533BFF8AAD}.Release|x64.Build.0 = Release|Any CPU
		{50058353-8B6D-4192-8B7E-29533BFF8AAD}.Release|x64.Deploy.0 = Release|Any CPU
		{50058353-8B6D-4192-8B7E-29533BFF8AAD}.Release|x86.ActiveCfg = Release|Any CPU
		{50058353-8B6D-4192-8B7E-29533BFF8AAD}.Release|x86.Build.0 = Release|Any CPU
		{50058353-8B6D-4192-8B7E-29533BFF8AAD}.Release|x86.Deploy.0 = Release|Any CPU
		{D3A686C9-08CC-4A8A-87FE-4D63A5CD5202}.Debug|Any CPU.ActiveCfg = Debug|iPhoneSimulator
		{D3A686C9-08CC-4A8A-87FE-4D63A5CD5202}.Debug|Any CPU.Build.0 = Debug|iPhoneSimulator
		{D3A686C9-08CC-4A8A-87FE-4D63A5CD5202}.Debug|Any CPU.Deploy.0 = Debug|iPhoneSimulator
		{D3A686C9-08CC-4A8A-87FE-4D63A5CD5202}.Debug|ARM.ActiveCfg = Debug|iPhone
		{D3A686C9-08CC-4A8A-87FE-4D63A5CD5202}.Debug|ARM.Build.0 = Debug|iPhone
		{D3A686C9-08CC-4A8A-87FE-4D63A5CD5202}.Debug|ARM.Deploy.0 = Debug|iPhone
		{D3A686C9-08CC-4A8A-87FE-4D63A5CD5202}.Debug|iPhone.ActiveCfg = Debug|iPhone
		{D3A686C9-08CC-4A8A-87FE-4D63A5CD5202}.Debug|iPhone.Build.0 = Debug|iPhone
		{D3A686C9-08CC-4A8A-87FE-4D63A5CD5202}.Debug|iPhone.Deploy.0 = Debug|iPhone
		{D3A686C9-08CC-4A8A-87FE-4D63A5CD5202}.Debug|iPhoneSimulator.ActiveCfg = Debug|iPhoneSimulator
		{D3A686C9-08CC-4A8A-87FE-4D63A5CD5202}.Debug|iPhoneSimulator.Build.0 = Debug|iPhoneSimulator
		{D3A686C9-08CC-4A8A-87FE-4D63A5CD5202}.Debug|iPhoneSimulator.Deploy.0 = Debug|iPhoneSimulator
		{D3A686C9-08CC-4A8A-87FE-4D63A5CD5202}.Debug|x64.ActiveCfg = Debug|iPhoneSimulator
		{D3A686C9-08CC-4A8A-87FE-4D63A5CD5202}.Debug|x64.Build.0 = Debug|iPhoneSimulator
		{D3A686C9-08CC-4A8A-87FE-4D63A5CD5202}.Debug|x64.Deploy.0 = Debug|iPhoneSimulator
		{D3A686C9-08CC-4A8A-87FE-4D63A5CD5202}.Debug|x86.ActiveCfg = Debug|iPhoneSimulator
		{D3A686C9-08CC-4A8A-87FE-4D63A5CD5202}.Debug|x86.Build.0 = Debug|iPhoneSimulator
		{D3A686C9-08CC-4A8A-87FE-4D63A5CD5202}.Debug|x86.Deploy.0 = Debug|iPhoneSimulator
		{D3A686C9-08CC-4A8A-87FE-4D63A5CD5202}.Release|Any CPU.ActiveCfg = Release|iPhoneSimulator
		{D3A686C9-08CC-4A8A-87FE-4D63A5CD5202}.Release|Any CPU.Build.0 = Release|iPhoneSimulator
		{D3A686C9-08CC-4A8A-87FE-4D63A5CD5202}.Release|Any CPU.Deploy.0 = Release|iPhoneSimulator
		{D3A686C9-08CC-4A8A-87FE-4D63A5CD5202}.Release|ARM.ActiveCfg = Release|iPhoneSimulator
		{D3A686C9-08CC-4A8A-87FE-4D63A5CD5202}.Release|ARM.Build.0 = Release|iPhoneSimulator
		{D3A686C9-08CC-4A8A-87FE-4D63A5CD5202}.Release|ARM.Deploy.0 = Release|iPhoneSimulator
		{D3A686C9-08CC-4A8A-87FE-4D63A5CD5202}.Release|iPhone.ActiveCfg = Release|iPhone
		{D3A686C9-08CC-4A8A-87FE-4D63A5CD5202}.Release|iPhone.Build.0 = Release|iPhone
		{D3A686C9-08CC-4A8A-87FE-4D63A5CD5202}.Release|iPhone.Deploy.0 = Release|iPhone
		{D3A686C9-08CC-4A8A-87FE-4D63A5CD5202}.Release|iPhoneSimulator.ActiveCfg = Release|iPhoneSimulator
		{D3A686C9-08CC-4A8A-87FE-4D63A5CD5202}.Release|iPhoneSimulator.Build.0 = Release|iPhoneSimulator
		{D3A686C9-08CC-4A8A-87FE-4D63A5CD5202}.Release|iPhoneSimulator.Deploy.0 = Release|iPhoneSimulator
		{D3A686C9-08CC-4A8A-87FE-4D63A5CD5202}.Release|x64.ActiveCfg = Release|iPhoneSimulator
		{D3A686C9-08CC-4A8A-87FE-4D63A5CD5202}.Release|x64.Build.0 = Release|iPhoneSimulator
		{D3A686C9-08CC-4A8A-87FE-4D63A5CD5202}.Release|x64.Deploy.0 = Release|iPhoneSimulator
		{D3A686C9-08CC-4A8A-87FE-4D63A5CD5202}.Release|x86.ActiveCfg = Release|iPhoneSimulator
		{D3A686C9-08CC-4A8A-87FE-4D63A5CD5202}.Release|x86.Build.0 = Release|iPhoneSimulator
		{D3A686C9-08CC-4A8A-87FE-4D63A5CD5202}.Release|x86.Deploy.0 = Release|iPhoneSimulator
		{5C7E21E5-D8E8-4961-9A6E-AF72EBA1ADC6}.Debug|Any CPU.ActiveCfg = Debug|Any CPU
		{5C7E21E5-D8E8-4961-9A6E-AF72EBA1ADC6}.Debug|Any CPU.Build.0 = Debug|Any CPU
		{5C7E21E5-D8E8-4961-9A6E-AF72EBA1ADC6}.Debug|Any CPU.Deploy.0 = Debug|Any CPU
		{5C7E21E5-D8E8-4961-9A6E-AF72EBA1ADC6}.Debug|ARM.ActiveCfg = Debug|Any CPU
		{5C7E21E5-D8E8-4961-9A6E-AF72EBA1ADC6}.Debug|ARM.Build.0 = Debug|Any CPU
		{5C7E21E5-D8E8-4961-9A6E-AF72EBA1ADC6}.Debug|ARM.Deploy.0 = Debug|Any CPU
		{5C7E21E5-D8E8-4961-9A6E-AF72EBA1ADC6}.Debug|iPhone.ActiveCfg = Debug|Any CPU
		{5C7E21E5-D8E8-4961-9A6E-AF72EBA1ADC6}.Debug|iPhone.Build.0 = Debug|Any CPU
		{5C7E21E5-D8E8-4961-9A6E-AF72EBA1ADC6}.Debug|iPhone.Deploy.0 = Debug|Any CPU
		{5C7E21E5-D8E8-4961-9A6E-AF72EBA1ADC6}.Debug|iPhoneSimulator.ActiveCfg = Debug|Any CPU
		{5C7E21E5-D8E8-4961-9A6E-AF72EBA1ADC6}.Debug|iPhoneSimulator.Build.0 = Debug|Any CPU
		{5C7E21E5-D8E8-4961-9A6E-AF72EBA1ADC6}.Debug|iPhoneSimulator.Deploy.0 = Debug|Any CPU
		{5C7E21E5-D8E8-4961-9A6E-AF72EBA1ADC6}.Debug|x64.ActiveCfg = Debug|Any CPU
		{5C7E21E5-D8E8-4961-9A6E-AF72EBA1ADC6}.Debug|x64.Build.0 = Debug|Any CPU
		{5C7E21E5-D8E8-4961-9A6E-AF72EBA1ADC6}.Debug|x64.Deploy.0 = Debug|Any CPU
		{5C7E21E5-D8E8-4961-9A6E-AF72EBA1ADC6}.Debug|x86.ActiveCfg = Debug|Any CPU
		{5C7E21E5-D8E8-4961-9A6E-AF72EBA1ADC6}.Debug|x86.Build.0 = Debug|Any CPU
		{5C7E21E5-D8E8-4961-9A6E-AF72EBA1ADC6}.Debug|x86.Deploy.0 = Debug|Any CPU
		{5C7E21E5-D8E8-4961-9A6E-AF72EBA1ADC6}.Release|Any CPU.ActiveCfg = Release|Any CPU
		{5C7E21E5-D8E8-4961-9A6E-AF72EBA1ADC6}.Release|Any CPU.Build.0 = Release|Any CPU
		{5C7E21E5-D8E8-4961-9A6E-AF72EBA1ADC6}.Release|Any CPU.Deploy.0 = Release|Any CPU
		{5C7E21E5-D8E8-4961-9A6E-AF72EBA1ADC6}.Release|ARM.ActiveCfg = Release|Any CPU
		{5C7E21E5-D8E8-4961-9A6E-AF72EBA1ADC6}.Release|ARM.Build.0 = Release|Any CPU
		{5C7E21E5-D8E8-4961-9A6E-AF72EBA1ADC6}.Release|ARM.Deploy.0 = Release|Any CPU
		{5C7E21E5-D8E8-4961-9A6E-AF72EBA1ADC6}.Release|iPhone.ActiveCfg = Release|Any CPU
		{5C7E21E5-D8E8-4961-9A6E-AF72EBA1ADC6}.Release|iPhone.Build.0 = Release|Any CPU
		{5C7E21E5-D8E8-4961-9A6E-AF72EBA1ADC6}.Release|iPhone.Deploy.0 = Release|Any CPU
		{5C7E21E5-D8E8-4961-9A6E-AF72EBA1ADC6}.Release|iPhoneSimulator.ActiveCfg = Release|Any CPU
		{5C7E21E5-D8E8-4961-9A6E-AF72EBA1ADC6}.Release|iPhoneSimulator.Build.0 = Release|Any CPU
		{5C7E21E5-D8E8-4961-9A6E-AF72EBA1ADC6}.Release|iPhoneSimulator.Deploy.0 = Release|Any CPU
		{5C7E21E5-D8E8-4961-9A6E-AF72EBA1ADC6}.Release|x64.ActiveCfg = Release|Any CPU
		{5C7E21E5-D8E8-4961-9A6E-AF72EBA1ADC6}.Release|x64.Build.0 = Release|Any CPU
		{5C7E21E5-D8E8-4961-9A6E-AF72EBA1ADC6}.Release|x64.Deploy.0 = Release|Any CPU
		{5C7E21E5-D8E8-4961-9A6E-AF72EBA1ADC6}.Release|x86.ActiveCfg = Release|Any CPU
		{5C7E21E5-D8E8-4961-9A6E-AF72EBA1ADC6}.Release|x86.Build.0 = Release|Any CPU
		{5C7E21E5-D8E8-4961-9A6E-AF72EBA1ADC6}.Release|x86.Deploy.0 = Release|Any CPU
	EndGlobalSection
	GlobalSection(SolutionProperties) = preSolution
		HideSolutionNode = FALSE
	EndGlobalSection
	GlobalSection(ExtensibilityGlobals) = postSolution
		SolutionGuid = {DBA839E4-4E32-442D-8625-3DFF23D03B9D}
	EndGlobalSection
EndGlobal
